github.com/bayusamudra5502/belajar-go-module v1.0.0 h1:D7xxnqLsJhHs8jJHxLR+vyfmG1YnrQnYKLl4nDuYd6Q=
github.com/bayusamudra5502/belajar-go-module v1.0.0/go.mod h1:+hrPj/1jZbCDM4Pw7r92So6kj8JD0BJmKeCpAtMeoOM=
github.com/bayusamudra5502/belajar-go-module v1.0.1 h1:0x8wm7EKBWZaAkbMd95SLLLlUswoVHf6jHRnMzkL8Bg=
github.com/bayusamudra5502/belajar-go-module v1.0.1/go.mod h1:+hrPj/1jZbCDM4Pw7r92So6kj8JD0BJmKeCpAtMeoOM=
github.com/bayusamudra5502/belajar-go-module/v2 v2.0.0/go.mod h1:tDy3l1mEy+BDq6cNDCoiOJrdHhZ/E4YgAGmlBOMAAHc=
